// !$*UTF8*$!
{
	archiveVersion = 1;
	classes = {
	};
	objectVersion = 46;
	objects = {

/* Begin PBXBuildFile section */
		DF9AAEB11D21DB6F0007FAB1 /* AppDelegate.swift in Sources */ = {isa = PBXBuildFile; fileRef = DF9AAEB01D21DB6F0007FAB1 /* AppDelegate.swift */; };
		DF9AAEB31D21DB6F0007FAB1 /* GameScene.sks in Resources */ = {isa = PBXBuildFile; fileRef = DF9AAEB21D21DB6F0007FAB1 /* GameScene.sks */; };
		DF9AAEB51D21DB6F0007FAB1 /* GameScene.swift in Sources */ = {isa = PBXBuildFile; fileRef = DF9AAEB41D21DB6F0007FAB1 /* GameScene.swift */; };
		DF9AAEB71D21DB6F0007FAB1 /* GameViewController.swift in Sources */ = {isa = PBXBuildFile; fileRef = DF9AAEB61D21DB6F0007FAB1 /* GameViewController.swift */; };
		DF9AAEBA1D21DB6F0007FAB1 /* Main.storyboard in Resources */ = {isa = PBXBuildFile; fileRef = DF9AAEB81D21DB6F0007FAB1 /* Main.storyboard */; };
		DF9AAEBC1D21DB6F0007FAB1 /* Assets.xcassets in Resources */ = {isa = PBXBuildFile; fileRef = DF9AAEBB1D21DB6F0007FAB1 /* Assets.xcassets */; };
		DF9AAEBF1D21DB6F0007FAB1 /* LaunchScreen.storyboard in Resources */ = {isa = PBXBuildFile; fileRef = DF9AAEBD1D21DB6F0007FAB1 /* LaunchScreen.storyboard */; };
		DF9AAEC81D21DBD40007FAB1 /* Planet.swift in Sources */ = {isa = PBXBuildFile; fileRef = DF9AAEC61D21DBD40007FAB1 /* Planet.swift */; };
		DF9AAEC91D21DBD40007FAB1 /* Player.swift in Sources */ = {isa = PBXBuildFile; fileRef = DF9AAEC71D21DBD40007FAB1 /* Player.swift */; };
		DF9AAECB1D21DC010007FAB1 /* CoreSwift.swift in Sources */ = {isa = PBXBuildFile; fileRef = DF9AAECA1D21DC010007FAB1 /* CoreSwift.swift */; };
		DF9AAEDA1D21DC250007FAB1 /* CGFloat+Extensions.swift in Sources */ = {isa = PBXBuildFile; fileRef = DF9AAECE1D21DC250007FAB1 /* CGFloat+Extensions.swift */; };
		DF9AAEDB1D21DC250007FAB1 /* CGPoint+Extensions.swift in Sources */ = {isa = PBXBuildFile; fileRef = DF9AAECF1D21DC250007FAB1 /* CGPoint+Extensions.swift */; };
		DF9AAEDC1D21DC250007FAB1 /* CGVector+Extensions.swift in Sources */ = {isa = PBXBuildFile; fileRef = DF9AAED01D21DC250007FAB1 /* CGVector+Extensions.swift */; };
		DF9AAEDD1D21DC250007FAB1 /* Int+Extensions.swift in Sources */ = {isa = PBXBuildFile; fileRef = DF9AAED11D21DC250007FAB1 /* Int+Extensions.swift */; };
		DF9AAEDE1D21DC250007FAB1 /* SKAction+Extensions.swift in Sources */ = {isa = PBXBuildFile; fileRef = DF9AAED21D21DC250007FAB1 /* SKAction+Extensions.swift */; };
		DF9AAEDF1D21DC250007FAB1 /* SKAction+SpecialEffects.swift in Sources */ = {isa = PBXBuildFile; fileRef = DF9AAED31D21DC250007FAB1 /* SKAction+SpecialEffects.swift */; };
		DF9AAEE01D21DC250007FAB1 /* SKColor+Extensions.swift in Sources */ = {isa = PBXBuildFile; fileRef = DF9AAED41D21DC250007FAB1 /* SKColor+Extensions.swift */; };
		DF9AAEE11D21DC250007FAB1 /* SKNode+Extensions.swift in Sources */ = {isa = PBXBuildFile; fileRef = DF9AAED51D21DC250007FAB1 /* SKNode+Extensions.swift */; };
		DF9AAEE21D21DC250007FAB1 /* SKTAudio.swift in Sources */ = {isa = PBXBuildFile; fileRef = DF9AAED61D21DC250007FAB1 /* SKTAudio.swift */; };
		DF9AAEE31D21DC250007FAB1 /* SKTEffects.swift in Sources */ = {isa = PBXBuildFile; fileRef = DF9AAED71D21DC250007FAB1 /* SKTEffects.swift */; };
		DF9AAEE41D21DC250007FAB1 /* SKTTimingFunctions.swift in Sources */ = {isa = PBXBuildFile; fileRef = DF9AAED81D21DC250007FAB1 /* SKTTimingFunctions.swift */; };
		DF9AAEE51D21DC250007FAB1 /* Vector3.swift in Sources */ = {isa = PBXBuildFile; fileRef = DF9AAED91D21DC250007FAB1 /* Vector3.swift */; };
		DF9AAEE81D21DCB70007FAB1 /* GravityObject.swift in Sources */ = {isa = PBXBuildFile; fileRef = DF9AAEE71D21DCB70007FAB1 /* GravityObject.swift */; };
		DF9AAEEB1D24C69E0007FAB1 /* Enums.swift in Sources */ = {isa = PBXBuildFile; fileRef = DF9AAEEA1D24C69E0007FAB1 /* Enums.swift */; };
/* End PBXBuildFile section */

/* Begin PBXFileReference section */
		DF9AAEAD1D21DB6F0007FAB1 /* Gravity.app */ = {isa = PBXFileReference; explicitFileType = wrapper.application; includeInIndex = 0; path = Gravity.app; sourceTree = BUILT_PRODUCTS_DIR; };
		DF9AAEB01D21DB6F0007FAB1 /* AppDelegate.swift */ = {isa = PBXFileReference; lastKnownFileType = sourcecode.swift; path = AppDelegate.swift; sourceTree = "<group>"; };
		DF9AAEB21D21DB6F0007FAB1 /* GameScene.sks */ = {isa = PBXFileReference; lastKnownFileType = file.sks; path = GameScene.sks; sourceTree = "<group>"; };
		DF9AAEB41D21DB6F0007FAB1 /* GameScene.swift */ = {isa = PBXFileReference; lastKnownFileType = sourcecode.swift; path = GameScene.swift; sourceTree = "<group>"; };
		DF9AAEB61D21DB6F0007FAB1 /* GameViewController.swift */ = {isa = PBXFileReference; lastKnownFileType = sourcecode.swift; path = GameViewController.swift; sourceTree = "<group>"; };
		DF9AAEB91D21DB6F0007FAB1 /* Base */ = {isa = PBXFileReference; lastKnownFileType = file.storyboard; name = Base; path = Base.lproj/Main.storyboard; sourceTree = "<group>"; };
		DF9AAEBB1D21DB6F0007FAB1 /* Assets.xcassets */ = {isa = PBXFileReference; lastKnownFileType = folder.assetcatalog; path = Assets.xcassets; sourceTree = "<group>"; };
		DF9AAEBE1D21DB6F0007FAB1 /* Base */ = {isa = PBXFileReference; lastKnownFileType = file.storyboard; name = Base; path = Base.lproj/LaunchScreen.storyboard; sourceTree = "<group>"; };
		DF9AAEC01D21DB6F0007FAB1 /* Info.plist */ = {isa = PBXFileReference; lastKnownFileType = text.plist.xml; path = Info.plist; sourceTree = "<group>"; };
		DF9AAEC61D21DBD40007FAB1 /* Planet.swift */ = {isa = PBXFileReference; fileEncoding = 4; lastKnownFileType = sourcecode.swift; path = Planet.swift; sourceTree = "<group>"; };
		DF9AAEC71D21DBD40007FAB1 /* Player.swift */ = {isa = PBXFileReference; fileEncoding = 4; lastKnownFileType = sourcecode.swift; path = Player.swift; sourceTree = "<group>"; };
		DF9AAECA1D21DC010007FAB1 /* CoreSwift.swift */ = {isa = PBXFileReference; fileEncoding = 4; lastKnownFileType = sourcecode.swift; path = CoreSwift.swift; sourceTree = "<group>"; };
		DF9AAECE1D21DC250007FAB1 /* CGFloat+Extensions.swift */ = {isa = PBXFileReference; fileEncoding = 4; lastKnownFileType = sourcecode.swift; path = "CGFloat+Extensions.swift"; sourceTree = "<group>"; };
		DF9AAECF1D21DC250007FAB1 /* CGPoint+Extensions.swift */ = {isa = PBXFileReference; fileEncoding = 4; lastKnownFileType = sourcecode.swift; path = "CGPoint+Extensions.swift"; sourceTree = "<group>"; };
		DF9AAED01D21DC250007FAB1 /* CGVector+Extensions.swift */ = {isa = PBXFileReference; fileEncoding = 4; lastKnownFileType = sourcecode.swift; path = "CGVector+Extensions.swift"; sourceTree = "<group>"; };
		DF9AAED11D21DC250007FAB1 /* Int+Extensions.swift */ = {isa = PBXFileReference; fileEncoding = 4; lastKnownFileType = sourcecode.swift; path = "Int+Extensions.swift"; sourceTree = "<group>"; };
		DF9AAED21D21DC250007FAB1 /* SKAction+Extensions.swift */ = {isa = PBXFileReference; fileEncoding = 4; lastKnownFileType = sourcecode.swift; path = "SKAction+Extensions.swift"; sourceTree = "<group>"; };
		DF9AAED31D21DC250007FAB1 /* SKAction+SpecialEffects.swift */ = {isa = PBXFileReference; fileEncoding = 4; lastKnownFileType = sourcecode.swift; path = "SKAction+SpecialEffects.swift"; sourceTree = "<group>"; };
		DF9AAED41D21DC250007FAB1 /* SKColor+Extensions.swift */ = {isa = PBXFileReference; fileEncoding = 4; lastKnownFileType = sourcecode.swift; path = "SKColor+Extensions.swift"; sourceTree = "<group>"; };
		DF9AAED51D21DC250007FAB1 /* SKNode+Extensions.swift */ = {isa = PBXFileReference; fileEncoding = 4; lastKnownFileType = sourcecode.swift; path = "SKNode+Extensions.swift"; sourceTree = "<group>"; };
		DF9AAED61D21DC250007FAB1 /* SKTAudio.swift */ = {isa = PBXFileReference; fileEncoding = 4; lastKnownFileType = sourcecode.swift; path = SKTAudio.swift; sourceTree = "<group>"; };
		DF9AAED71D21DC250007FAB1 /* SKTEffects.swift */ = {isa = PBXFileReference; fileEncoding = 4; lastKnownFileType = sourcecode.swift; path = SKTEffects.swift; sourceTree = "<group>"; };
		DF9AAED81D21DC250007FAB1 /* SKTTimingFunctions.swift */ = {isa = PBXFileReference; fileEncoding = 4; lastKnownFileType = sourcecode.swift; path = SKTTimingFunctions.swift; sourceTree = "<group>"; };
		DF9AAED91D21DC250007FAB1 /* Vector3.swift */ = {isa = PBXFileReference; fileEncoding = 4; lastKnownFileType = sourcecode.swift; path = Vector3.swift; sourceTree = "<group>"; };
		DF9AAEE71D21DCB70007FAB1 /* GravityObject.swift */ = {isa = PBXFileReference; fileEncoding = 4; lastKnownFileType = sourcecode.swift; path = GravityObject.swift; sourceTree = "<group>"; };
		DF9AAEEA1D24C69E0007FAB1 /* Enums.swift */ = {isa = PBXFileReference; fileEncoding = 4; lastKnownFileType = sourcecode.swift; path = Enums.swift; sourceTree = "<group>"; };
/* End PBXFileReference section */

/* Begin PBXFrameworksBuildPhase section */
		DF9AAEAA1D21DB6F0007FAB1 /* Frameworks */ = {
			isa = PBXFrameworksBuildPhase;
			buildActionMask = 2147483647;
			files = (
			);
			runOnlyForDeploymentPostprocessing = 0;
		};
/* End PBXFrameworksBuildPhase section */

/* Begin PBXGroup section */
		DF9AAEA41D21DB6F0007FAB1 = {
			isa = PBXGroup;
			children = (
				DF9AAEAF1D21DB6F0007FAB1 /* Gravity */,
				DF9AAEAE1D21DB6F0007FAB1 /* Products */,
			);
			sourceTree = "<group>";
		};
		DF9AAEAE1D21DB6F0007FAB1 /* Products */ = {
			isa = PBXGroup;
			children = (
				DF9AAEAD1D21DB6F0007FAB1 /* Gravity.app */,
			);
			name = Products;
			sourceTree = "<group>";
		};
		DF9AAEAF1D21DB6F0007FAB1 /* Gravity */ = {
			isa = PBXGroup;
			children = (
				DF9AAEB01D21DB6F0007FAB1 /* AppDelegate.swift */,
				DF9AAEB21D21DB6F0007FAB1 /* GameScene.sks */,
				DF9AAEB41D21DB6F0007FAB1 /* GameScene.swift */,
				DF9AAEB61D21DB6F0007FAB1 /* GameViewController.swift */,
				DF9AAEE91D21DCBF0007FAB1 /* Protocols */,
				DF9AAECC1D21DC040007FAB1 /* Entities */,
				DF9AAEE61D21DC330007FAB1 /* Extra */,
				DF9AAEBB1D21DB6F0007FAB1 /* Assets.xcassets */,
				DF9AAEB81D21DB6F0007FAB1 /* Main.storyboard */,
				DF9AAEBD1D21DB6F0007FAB1 /* LaunchScreen.storyboard */,
				DF9AAEC01D21DB6F0007FAB1 /* Info.plist */,
			);
			path = Gravity;
			sourceTree = "<group>";
		};
		DF9AAECC1D21DC040007FAB1 /* Entities */ = {
			isa = PBXGroup;
			children = (
				DF9AAEC61D21DBD40007FAB1 /* Planet.swift */,
				DF9AAEC71D21DBD40007FAB1 /* Player.swift */,
			);
			name = Entities;
			sourceTree = "<group>";
		};
		DF9AAECD1D21DC180007FAB1 /* SKTUtils */ = {
			isa = PBXGroup;
			children = (
				DF9AAECE1D21DC250007FAB1 /* CGFloat+Extensions.swift */,
				DF9AAECF1D21DC250007FAB1 /* CGPoint+Extensions.swift */,
				DF9AAED01D21DC250007FAB1 /* CGVector+Extensions.swift */,
				DF9AAED11D21DC250007FAB1 /* Int+Extensions.swift */,
				DF9AAED21D21DC250007FAB1 /* SKAction+Extensions.swift */,
				DF9AAED31D21DC250007FAB1 /* SKAction+SpecialEffects.swift */,
				DF9AAED41D21DC250007FAB1 /* SKColor+Extensions.swift */,
				DF9AAED51D21DC250007FAB1 /* SKNode+Extensions.swift */,
				DF9AAED61D21DC250007FAB1 /* SKTAudio.swift */,
				DF9AAED71D21DC250007FAB1 /* SKTEffects.swift */,
				DF9AAED81D21DC250007FAB1 /* SKTTimingFunctions.swift */,
				DF9AAED91D21DC250007FAB1 /* Vector3.swift */,
			);
			name = SKTUtils;
			sourceTree = "<group>";
		};
		DF9AAEE61D21DC330007FAB1 /* Extra */ = {
			isa = PBXGroup;
			children = (
				DF9AAECA1D21DC010007FAB1 /* CoreSwift.swift */,
				DF9AAEEA1D24C69E0007FAB1 /* Enums.swift */,
				DF9AAECD1D21DC180007FAB1 /* SKTUtils */,
			);
			name = Extra;
			sourceTree = "<group>";
		};
		DF9AAEE91D21DCBF0007FAB1 /* Protocols */ = {
			isa = PBXGroup;
			children = (
				DF9AAEE71D21DCB70007FAB1 /* GravityObject.swift */,
			);
			name = Protocols;
			sourceTree = "<group>";
		};
/* End PBXGroup section */

/* Begin PBXNativeTarget section */
		DF9AAEAC1D21DB6F0007FAB1 /* Gravity */ = {
			isa = PBXNativeTarget;
			buildConfigurationList = DF9AAEC31D21DB6F0007FAB1 /* Build configuration list for PBXNativeTarget "Gravity" */;
			buildPhases = (
				DF9AAEA91D21DB6F0007FAB1 /* Sources */,
				DF9AAEAA1D21DB6F0007FAB1 /* Frameworks */,
				DF9AAEAB1D21DB6F0007FAB1 /* Resources */,
			);
			buildRules = (
			);
			dependencies = (
			);
			name = Gravity;
			productName = Gravity;
			productReference = DF9AAEAD1D21DB6F0007FAB1 /* Gravity.app */;
			productType = "com.apple.product-type.application";
		};
/* End PBXNativeTarget section */

/* Begin PBXProject section */
		DF9AAEA51D21DB6F0007FAB1 /* Project object */ = {
			isa = PBXProject;
			attributes = {
				LastSwiftUpdateCheck = 0730;
				LastUpgradeCheck = 0730;
				ORGANIZATIONNAME = "Brian Wang";
				TargetAttributes = {
					DF9AAEAC1D21DB6F0007FAB1 = {
						CreatedOnToolsVersion = 7.3.1;
						DevelopmentTeam = ALVVSFF263;
					};
				};
			};
			buildConfigurationList = DF9AAEA81D21DB6F0007FAB1 /* Build configuration list for PBXProject "Gravity" */;
			compatibilityVersion = "Xcode 3.2";
			developmentRegion = English;
			hasScannedForEncodings = 0;
			knownRegions = (
				en,
				Base,
			);
			mainGroup = DF9AAEA41D21DB6F0007FAB1;
			productRefGroup = DF9AAEAE1D21DB6F0007FAB1 /* Products */;
			projectDirPath = "";
			projectRoot = "";
			targets = (
				DF9AAEAC1D21DB6F0007FAB1 /* Gravity */,
			);
		};
/* End PBXProject section */

/* Begin PBXResourcesBuildPhase section */
		DF9AAEAB1D21DB6F0007FAB1 /* Resources */ = {
			isa = PBXResourcesBuildPhase;
			buildActionMask = 2147483647;
			files = (
				DF9AAEB31D21DB6F0007FAB1 /* GameScene.sks in Resources */,
				DF9AAEBF1D21DB6F0007FAB1 /* LaunchScreen.storyboard in Resources */,
				DF9AAEBC1D21DB6F0007FAB1 /* Assets.xcassets in Resources */,
				DF9AAEBA1D21DB6F0007FAB1 /* Main.storyboard in Resources */,
			);
			runOnlyForDeploymentPostprocessing = 0;
		};
/* End PBXResourcesBuildPhase section */

/* Begin PBXSourcesBuildPhase section */
		DF9AAEA91D21DB6F0007FAB1 /* Sources */ = {
			isa = PBXSourcesBuildPhase;
			buildActionMask = 2147483647;
			files = (
				DF9AAEB51D21DB6F0007FAB1 /* GameScene.swift in Sources */,
				DF9AAEE41D21DC250007FAB1 /* SKTTimingFunctions.swift in Sources */,
				DF9AAEEB1D24C69E0007FAB1 /* Enums.swift in Sources */,
				DF9AAEB71D21DB6F0007FAB1 /* GameViewController.swift in Sources */,
				DF9AAEDC1D21DC250007FAB1 /* CGVector+Extensions.swift in Sources */,
				DF9AAEDB1D21DC250007FAB1 /* CGPoint+Extensions.swift in Sources */,
				DF9AAEDA1D21DC250007FAB1 /* CGFloat+Extensions.swift in Sources */,
				DF9AAECB1D21DC010007FAB1 /* CoreSwift.swift in Sources */,
				DF9AAEE21D21DC250007FAB1 /* SKTAudio.swift in Sources */,
				DF9AAEE81D21DCB70007FAB1 /* GravityObject.swift in Sources */,
				DF9AAEB11D21DB6F0007FAB1 /* AppDelegate.swift in Sources */,
				DF9AAEE11D21DC250007FAB1 /* SKNode+Extensions.swift in Sources */,
				DF9AAEDE1D21DC250007FAB1 /* SKAction+Extensions.swift in Sources */,
				DF9AAEDF1D21DC250007FAB1 /* SKAction+SpecialEffects.swift in Sources */,
				DF9AAEC91D21DBD40007FAB1 /* Player.swift in Sources */,
				DF9AAEC81D21DBD40007FAB1 /* Planet.swift in Sources */,
				DF9AAEE31D21DC250007FAB1 /* SKTEffects.swift in Sources */,
				DF9AAEDD1D21DC250007FAB1 /* Int+Extensions.swift in Sources */,
				DF9AAEE51D21DC250007FAB1 /* Vector3.swift in Sources */,
				DF9AAEE01D21DC250007FAB1 /* SKColor+Extensions.swift in Sources */,
			);
			runOnlyForDeploymentPostprocessing = 0;
		};
/* End PBXSourcesBuildPhase section */

/* Begin PBXVariantGroup section */
		DF9AAEB81D21DB6F0007FAB1 /* Main.storyboard */ = {
			isa = PBXVariantGroup;
			children = (
				DF9AAEB91D21DB6F0007FAB1 /* Base */,
			);
			name = Main.storyboard;
			sourceTree = "<group>";
		};
		DF9AAEBD1D21DB6F0007FAB1 /* LaunchScreen.storyboard */ = {
			isa = PBXVariantGroup;
			children = (
				DF9AAEBE1D21DB6F0007FAB1 /* Base */,
			);
			name = LaunchScreen.storyboard;
			sourceTree = "<group>";
		};
/* End PBXVariantGroup section */

/* Begin XCBuildConfiguration section */
		DF9AAEC11D21DB6F0007FAB1 /* Debug */ = {
			isa = XCBuildConfiguration;
			buildSettings = {
				ALWAYS_SEARCH_USER_PATHS = NO;
				CLANG_ANALYZER_NONNULL = YES;
				CLANG_CXX_LANGUAGE_STANDARD = "gnu++0x";
				CLANG_CXX_LIBRARY = "libc++";
				CLANG_ENABLE_MODULES = YES;
				CLANG_ENABLE_OBJC_ARC = YES;
				CLANG_WARN_BOOL_CONVERSION = YES;
				CLANG_WARN_CONSTANT_CONVERSION = YES;
				CLANG_WARN_DIRECT_OBJC_ISA_USAGE = YES_ERROR;
				CLANG_WARN_EMPTY_BODY = YES;
				CLANG_WARN_ENUM_CONVERSION = YES;
				CLANG_WARN_INT_CONVERSION = YES;
				CLANG_WARN_OBJC_ROOT_CLASS = YES_ERROR;
				CLANG_WARN_UNREACHABLE_CODE = YES;
				CLANG_WARN__DUPLICATE_METHOD_MATCH = YES;
				"CODE_SIGN_IDENTITY[sdk=iphoneos*]" = "iPhone Developer";
				COPY_PHASE_STRIP = NO;
				DEBUG_INFORMATION_FORMAT = "dwarf-with-dsym";
				ENABLE_STRICT_OBJC_MSGSEND = YES;
				ENABLE_TESTABILITY = YES;
				GCC_C_LANGUAGE_STANDARD = gnu99;
				GCC_DYNAMIC_NO_PIC = NO;
				GCC_NO_COMMON_BLOCKS = YES;
				GCC_OPTIMIZATION_LEVEL = 0;
				GCC_PREPROCESSOR_DEFINITIONS = (
					"DEBUG=1",
					"$(inherited)",
				);
				GCC_WARN_64_TO_32_BIT_CONVERSION = YES;
				GCC_WARN_ABOUT_RETURN_TYPE = YES_ERROR;
				GCC_WARN_UNDECLARED_SELECTOR = YES;
				GCC_WARN_UNINITIALIZED_AUTOS = YES_AGGRESSIVE;
				GCC_WARN_UNUSED_FUNCTION = YES;
				GCC_WARN_UNUSED_VARIABLE = YES;
				IPHONEOS_DEPLOYMENT_TARGET = 9.3;
				MTL_ENABLE_DEBUG_INFO = YES;
				ONLY_ACTIVE_ARCH = YES;
				SDKROOT = iphoneos;
				SWIFT_OPTIMIZATION_LEVEL = "-Onone";
				TARGETED_DEVICE_FAMILY = "1,2";
			};
			name = Debug;
		};
		DF9AAEC21D21DB6F0007FAB1 /* Release */ = {
			isa = XCBuildConfiguration;
			buildSettings = {
				ALWAYS_SEARCH_USER_PATHS = NO;
				CLANG_ANALYZER_NONNULL = YES;
				CLANG_CXX_LANGUAGE_STANDARD = "gnu++0x";
				CLANG_CXX_LIBRARY = "libc++";
				CLANG_ENABLE_MODULES = YES;
				CLANG_ENABLE_OBJC_ARC = YES;
				CLANG_WARN_BOOL_CONVERSION = YES;
				CLANG_WARN_CONSTANT_CONVERSION = YES;
				CLANG_WARN_DIRECT_OBJC_ISA_USAGE = YES_ERROR;
				CLANG_WARN_EMPTY_BODY = YES;
				CLANG_WARN_ENUM_CONVERSION = YES;
				CLANG_WARN_INT_CONVERSION = YES;
				CLANG_WARN_OBJC_ROOT_CLASS = YES_ERROR;
				CLANG_WARN_UNREACHABLE_CODE = YES;
				CLANG_WARN__DUPLICATE_METHOD_MATCH = YES;
				"CODE_SIGN_IDENTITY[sdk=iphoneos*]" = "iPhone Developer";
				COPY_PHASE_STRIP = NO;
				DEBUG_INFORMATION_FORMAT = "dwarf-with-dsym";
				ENABLE_NS_ASSERTIONS = NO;
				ENABLE_STRICT_OBJC_MSGSEND = YES;
				GCC_C_LANGUAGE_STANDARD = gnu99;
				GCC_NO_COMMON_BLOCKS = YES;
				GCC_WARN_64_TO_32_BIT_CONVERSION = YES;
				GCC_WARN_ABOUT_RETURN_TYPE = YES_ERROR;
				GCC_WARN_UNDECLARED_SELECTOR = YES;
				GCC_WARN_UNINITIALIZED_AUTOS = YES_AGGRESSIVE;
				GCC_WARN_UNUSED_FUNCTION = YES;
				GCC_WARN_UNUSED_VARIABLE = YES;
				IPHONEOS_DEPLOYMENT_TARGET = 9.3;
				MTL_ENABLE_DEBUG_INFO = NO;
				SDKROOT = iphoneos;
				TARGETED_DEVICE_FAMILY = "1,2";
				VALIDATE_PRODUCT = YES;
			};
			name = Release;
		};
		DF9AAEC41D21DB6F0007FAB1 /* Debug */ = {
			isa = XCBuildConfiguration;
			buildSettings = {
				ASSETCATALOG_COMPILER_APPICON_NAME = AppIcon;
				INFOPLIST_FILE = Gravity/Info.plist;
				LD_RUNPATH_SEARCH_PATHS = "$(inherited) @executable_path/Frameworks";
				PRODUCT_BUNDLE_IDENTIFIER = BW.Gravity;
				PRODUCT_NAME = "$(TARGET_NAME)";
			};
			name = Debug;
		};
		DF9AAEC51D21DB6F0007FAB1 /* Release */ = {
			isa = XCBuildConfiguration;
			buildSettings = {
				ASSETCATALOG_COMPILER_APPICON_NAME = AppIcon;
				INFOPLIST_FILE = Gravity/Info.plist;
				LD_RUNPATH_SEARCH_PATHS = "$(inherited) @executable_path/Frameworks";
				PRODUCT_BUNDLE_IDENTIFIER = BW.Gravity;
				PRODUCT_NAME = "$(TARGET_NAME)";
			};
			name = Release;
		};
/* End XCBuildConfiguration section */

/* Begin XCConfigurationList section */
		DF9AAEA81D21DB6F0007FAB1 /* Build configuration list for PBXProject "Gravity" */ = {
			isa = XCConfigurationList;
			buildConfigurations = (
				DF9AAEC11D21DB6F0007FAB1 /* Debug */,
				DF9AAEC21D21DB6F0007FAB1 /* Release */,
			);
			defaultConfigurationIsVisible = 0;
			defaultConfigurationName = Release;
		};
		DF9AAEC31D21DB6F0007FAB1 /* Build configuration list for PBXNativeTarget "Gravity" */ = {
			isa = XCConfigurationList;
			buildConfigurations = (
				DF9AAEC41D21DB6F0007FAB1 /* Debug */,
				DF9AAEC51D21DB6F0007FAB1 /* Release */,
			);
			defaultConfigurationIsVisible = 0;
			defaultConfigurationName = Release;
		};
/* End XCConfigurationList section */
	};
	rootObject = DF9AAEA51D21DB6F0007FAB1 /* Project object */;
}
